
Microsoft Visual Studio Solution File, Format Version 12.00
# Visual Studio Version 17
VisualStudioVersion = 17.11.35303.130
MinimumVisualStudioVersion = 10.0.40219.1
Project("{FAE04EC0-301F-11D3-BF4B-00C04F79EFBC}") = "FileHandling", "FileHandling\FileHandling.csproj", "{C9A21C8B-36F6-44B3-AE97-CEC95FADEFCD}"
EndProject
Global
	GlobalSection(SolutionConfigurationPlatforms) = preSolution
		Debug|Any CPU = Debug|Any CPU
		Release|Any CPU = Release|Any CPU
	EndGlobalSection
	GlobalSection(ProjectConfigurationPlatforms) = postSolution
		{C9A21C8B-36F6-44B3-AE97-CEC95FADEFCD}.Debug|Any CPU.ActiveCfg = Debug|Any CPU
		{C9A21C8B-36F6-44B3-AE97-CEC95FADEFCD}.Debug|Any CPU.Build.0 = Debug|Any CPU
		{C9A21C8B-36F6-44B3-AE97-CEC95FADEFCD}.Release|Any CPU.ActiveCfg = Release|Any CPU
		{C9A21C8B-36F6-44B3-AE97-CEC95FADEFCD}.Release|Any CPU.Build.0 = Release|Any CPU
	EndGlobalSection
	GlobalSection(SolutionProperties) = preSolution
		HideSolutionNode = FALSE
	EndGlobalSection
	GlobalSection(ExtensibilityGlobals) = postSolution
		SolutionGuid = {081D0734-8EB7-4834-B7FD-A7CD07C43FCA}
	EndGlobalSection
EndGlobal
